
Microsoft Visual Studio Solution File, Format Version 12.00
# Visual Studio Version 16
VisualStudioVersion = 16.0.29102.190
MinimumVisualStudioVersion = 10.0.40219.1
Project("{FAE04EC0-301F-11D3-BF4B-00C04F79EFBC}") = "GifLib", "GifLib\GifLib.csproj", "{034228F5-7BCD-4137-ADFF-2A6CB530453A}"
EndProject
Project("{FAE04EC0-301F-11D3-BF4B-00C04F79EFBC}") = "GifViewer", "GifViewer\GifViewer.csproj", "{18E7D923-9EE4-4E75-A10A-7566D363C419}"
EndProject
Project("{FAE04EC0-301F-11D3-BF4B-00C04F79EFBC}") = "DjvuNet", "DjvuNet\DjvuNet.csproj", "{E681B178-E5F8-4782-89C8-F32720B1464A}"
EndProject
Project("{FAE04EC0-301F-11D3-BF4B-00C04F79EFBC}") = "YoutubeExtractor", "YoutubeExtractor\YoutubeExtractor.csproj", "{ECDC127F-8DEF-4F99-8300-72C13597339D}"
EndProject
Project("{FAE04EC0-301F-11D3-BF4B-00C04F79EFBC}") = "DjvuReader", "DjvuReader\DjvuReader.csproj", "{B4C5AE22-C292-4F35-8E16-2DF4C819D77F}"
EndProject
Global
	GlobalSection(SolutionConfigurationPlatforms) = preSolution
		Debug|Any CPU = Debug|Any CPU
		Release|Any CPU = Release|Any CPU
	EndGlobalSection
	GlobalSection(ProjectConfigurationPlatforms) = postSolution
		{034228F5-7BCD-4137-ADFF-2A6CB530453A}.Debug|Any CPU.ActiveCfg = Debug|Any CPU
		{034228F5-7BCD-4137-ADFF-2A6CB530453A}.Debug|Any CPU.Build.0 = Debug|Any CPU
		{034228F5-7BCD-4137-ADFF-2A6CB530453A}.Release|Any CPU.ActiveCfg = Release|Any CPU
		{034228F5-7BCD-4137-ADFF-2A6CB530453A}.Release|Any CPU.Build.0 = Release|Any CPU
		{18E7D923-9EE4-4E75-A10A-7566D363C419}.Debug|Any CPU.ActiveCfg = Debug|Any CPU
		{18E7D923-9EE4-4E75-A10A-7566D363C419}.Debug|Any CPU.Build.0 = Debug|Any CPU
		{18E7D923-9EE4-4E75-A10A-7566D363C419}.Release|Any CPU.ActiveCfg = Release|Any CPU
		{18E7D923-9EE4-4E75-A10A-7566D363C419}.Release|Any CPU.Build.0 = Release|Any CPU
		{E681B178-E5F8-4782-89C8-F32720B1464A}.Debug|Any CPU.ActiveCfg = Debug|Any CPU
		{E681B178-E5F8-4782-89C8-F32720B1464A}.Debug|Any CPU.Build.0 = Debug|Any CPU
		{E681B178-E5F8-4782-89C8-F32720B1464A}.Release|Any CPU.ActiveCfg = Release|Any CPU
		{E681B178-E5F8-4782-89C8-F32720B1464A}.Release|Any CPU.Build.0 = Release|Any CPU
		{ECDC127F-8DEF-4F99-8300-72C13597339D}.Debug|Any CPU.ActiveCfg = Debug|Any CPU
		{ECDC127F-8DEF-4F99-8300-72C13597339D}.Debug|Any CPU.Build.0 = Debug|Any CPU
		{ECDC127F-8DEF-4F99-8300-72C13597339D}.Release|Any CPU.ActiveCfg = Release|Any CPU
		{ECDC127F-8DEF-4F99-8300-72C13597339D}.Release|Any CPU.Build.0 = Release|Any CPU
		{B4C5AE22-C292-4F35-8E16-2DF4C819D77F}.Debug|Any CPU.ActiveCfg = Debug|Any CPU
		{B4C5AE22-C292-4F35-8E16-2DF4C819D77F}.Debug|Any CPU.Build.0 = Debug|Any CPU
		{B4C5AE22-C292-4F35-8E16-2DF4C819D77F}.Release|Any CPU.ActiveCfg = Release|Any CPU
		{B4C5AE22-C292-4F35-8E16-2DF4C819D77F}.Release|Any CPU.Build.0 = Release|Any CPU
	EndGlobalSection
	GlobalSection(SolutionProperties) = preSolution
		HideSolutionNode = FALSE
	EndGlobalSection
	GlobalSection(ExtensibilityGlobals) = postSolution
		SolutionGuid = {EB6DA8DF-917E-4461-924A-4B1176D2BB64}
	EndGlobalSection
EndGlobal
